
Microsoft Visual Studio Solution File, Format Version 12.00
# Visual Studio 15
VisualStudioVersion = 15.0.26621.2
MinimumVisualStudioVersion = 10.0.40219.1
Project("{FAE04EC0-301F-11D3-BF4B-00C04F79EFBC}") = "WebApplication1", "WebApplication1\WebApplication1.csproj", "{EAC0C55D-8BDF-41C3-A1E3-6412D4E1C5AB}"
EndProject
Project("{FAE04EC0-301F-11D3-BF4B-00C04F79EFBC}") = "Nancy2Core", "Nancy2Core\Nancy2Core.csproj", "{D11CAEEC-860F-4C99-816B-CA57C57C540F}"
EndProject
Global
	GlobalSection(SolutionConfigurationPlatforms) = preSolution
		Debug|Any CPU = Debug|Any CPU
		Release|Any CPU = Release|Any CPU
	EndGlobalSection
	GlobalSection(ProjectConfigurationPlatforms) = postSolution
		{EAC0C55D-8BDF-41C3-A1E3-6412D4E1C5AB}.Debug|Any CPU.ActiveCfg = Debug|Any CPU
		{EAC0C55D-8BDF-41C3-A1E3-6412D4E1C5AB}.Debug|Any CPU.Build.0 = Debug|Any CPU
		{EAC0C55D-8BDF-41C3-A1E3-6412D4E1C5AB}.Release|Any CPU.ActiveCfg = Release|Any CPU
		{EAC0C55D-8BDF-41C3-A1E3-6412D4E1C5AB}.Release|Any CPU.Build.0 = Release|Any CPU
		{D11CAEEC-860F-4C99-816B-CA57C57C540F}.Debug|Any CPU.ActiveCfg = Debug|Any CPU
		{D11CAEEC-860F-4C99-816B-CA57C57C540F}.Debug|Any CPU.Build.0 = Debug|Any CPU
		{D11CAEEC-860F-4C99-816B-CA57C57C540F}.Release|Any CPU.ActiveCfg = Release|Any CPU
		{D11CAEEC-860F-4C99-816B-CA57C57C540F}.Release|Any CPU.Build.0 = Release|Any CPU
	EndGlobalSection
	GlobalSection(SolutionProperties) = preSolution
		HideSolutionNode = FALSE
	EndGlobalSection
	GlobalSection(ExtensibilityGlobals) = postSolution
		SolutionGuid = {5647F60A-7223-4DAA-912C-CAFCA823898C}
	EndGlobalSection
EndGlobal
