
Microsoft Visual Studio Solution File, Format Version 12.00
# Visual Studio 15
VisualStudioVersion = 15.0.26621.2
MinimumVisualStudioVersion = 10.0.40219.1
Project("{FAE04EC0-301F-11D3-BF4B-00C04F79EFBC}") = "Nancy3Web", "Nancy3Web\Nancy3Web.csproj", "{14295FDF-2363-4B58-8CE5-10ADB4A2AE47}"
EndProject
Project("{FAE04EC0-301F-11D3-BF4B-00C04F79EFBC}") = "Nancy3Shared", "Nancy3Shared\Nancy3Shared.csproj", "{EBB16008-B50D-45A5-B8D3-344CE2AA5628}"
EndProject
Project("{FAE04EC0-301F-11D3-BF4B-00C04F79EFBC}") = "Nancy3Module", "Nancy3Module\Nancy3Module.csproj", "{55A583E8-ADA7-47B2-81E6-2F8BE0739D1D}"
EndProject
Global
	GlobalSection(SolutionConfigurationPlatforms) = preSolution
		Debug|Any CPU = Debug|Any CPU
		Release|Any CPU = Release|Any CPU
	EndGlobalSection
	GlobalSection(ProjectConfigurationPlatforms) = postSolution
		{14295FDF-2363-4B58-8CE5-10ADB4A2AE47}.Debug|Any CPU.ActiveCfg = Debug|Any CPU
		{14295FDF-2363-4B58-8CE5-10ADB4A2AE47}.Debug|Any CPU.Build.0 = Debug|Any CPU
		{14295FDF-2363-4B58-8CE5-10ADB4A2AE47}.Release|Any CPU.ActiveCfg = Release|Any CPU
		{14295FDF-2363-4B58-8CE5-10ADB4A2AE47}.Release|Any CPU.Build.0 = Release|Any CPU
		{EBB16008-B50D-45A5-B8D3-344CE2AA5628}.Debug|Any CPU.ActiveCfg = Debug|Any CPU
		{EBB16008-B50D-45A5-B8D3-344CE2AA5628}.Debug|Any CPU.Build.0 = Debug|Any CPU
		{EBB16008-B50D-45A5-B8D3-344CE2AA5628}.Release|Any CPU.ActiveCfg = Release|Any CPU
		{EBB16008-B50D-45A5-B8D3-344CE2AA5628}.Release|Any CPU.Build.0 = Release|Any CPU
		{55A583E8-ADA7-47B2-81E6-2F8BE0739D1D}.Debug|Any CPU.ActiveCfg = Debug|Any CPU
		{55A583E8-ADA7-47B2-81E6-2F8BE0739D1D}.Debug|Any CPU.Build.0 = Debug|Any CPU
		{55A583E8-ADA7-47B2-81E6-2F8BE0739D1D}.Release|Any CPU.ActiveCfg = Release|Any CPU
		{55A583E8-ADA7-47B2-81E6-2F8BE0739D1D}.Release|Any CPU.Build.0 = Release|Any CPU
	EndGlobalSection
	GlobalSection(SolutionProperties) = preSolution
		HideSolutionNode = FALSE
	EndGlobalSection
	GlobalSection(ExtensibilityGlobals) = postSolution
		SolutionGuid = {957B7CC5-2C9F-4942-A429-B19DB20666C0}
	EndGlobalSection
EndGlobal
